{
  "name": "language-superbas",
  "version": "0.1.0",
  "lockfileVersion": 1,
  "requires": true,
  "dependencies": {
    "coffeescript": {
      "version": "2.5.0",
      "resolved": "https://registry.npmjs.org/coffeescript/-/coffeescript-2.5.0.tgz",
      "integrity": "sha512-RgTKZhAeKVFuGtce/d3U1x1h5W75AoYFQszNlGrtSIbexC9jowaZo574uUvc9zoNQSDLMWXVtsus9usMtbFU+w==",
      "dev": true
    },
    "cson": {
      "version": "6.9.0",
      "resolved": "https://registry.npmjs.org/cson/-/cson-6.9.0.tgz",
      "integrity": "sha512-iqtKZ8q2oWFSU4qxP+y2pekVEXzzE1wFXaAu2U8qR69XnNoImtexPHNw09ksBonfuhLjYsaOFjbt5iKu0zACcA==",
      "dev": true,
      "requires": {
        "coffeescript": "^2.4.1",
        "cson-parser": "^4.0.3",
        "extract-opts": "^4.3.0",
        "requirefresh": "^3.3.0",
        "safefs": "^5.5.0"
      }
    },
    "cson-parser": {
      "version": "4.0.3",
      "resolved": "https://registry.npmjs.org/cson-parser/-/cson-parser-4.0.3.tgz",
      "integrity": "sha512-XPTdQS67siTCJrbwYAWSzbPUKlqFUYa8NBWq0tniDDcKGmb43J7PDOZ8JP0oJVGW7KRg+goXff6EJzP3wowTPw==",
      "dev": true,
      "requires": {
        "coffeescript": "^1.10.0"
      },
      "dependencies": {
        "coffeescript": {
          "version": "1.12.7",
          "resolved": "https://registry.npmjs.org/coffeescript/-/coffeescript-1.12.7.tgz",
          "integrity": "sha512-pLXHFxQMPklVoEekowk8b3erNynC+DVJzChxS/LCBBgR6/8AJkHivkm//zbowcfc7BTCAjryuhx6gPqPRfsFoA==",
          "dev": true
        }
      }
    },
    "eachr": {
      "version": "4.5.0",
      "resolved": "https://registry.npmjs.org/eachr/-/eachr-4.5.0.tgz",
      "integrity": "sha512-9I664RWp6p8jvcHZIwo7bWaiSaUmA1wNSLKwNZEiaYjqiTARq3cGjyRiIunsopZv4QMmX3T5Hs17QoPAzdYxfg==",
      "dev": true,
      "requires": {
        "typechecker": "^6.2.0"
      }
    },
    "extract-opts": {
      "version": "4.3.0",
      "resolved": "https://registry.npmjs.org/extract-opts/-/extract-opts-4.3.0.tgz",
      "integrity": "sha512-Dmssi1tgKJkQsVmbP7TgW/kbdc42SAsNf6h9ClweP+dS7O24YYMTXsNwPelxhx0LF15npiWwY5ahKtyQiNgxWA==",
      "dev": true,
      "requires": {
        "eachr": "^4.5.0",
        "typechecker": "^6.2.0"
      }
    },
    "graceful-fs": {
      "version": "4.2.3",
      "resolved": "https://registry.npmjs.org/graceful-fs/-/graceful-fs-4.2.3.tgz",
      "integrity": "sha512-a30VEBm4PEdx1dRB7MFK7BejejvCvBronbLjht+sHuGYj8PHs7M/5Z+rt5lw551vZ7yfTCj4Vuyy3mSJytDWRQ==",
      "dev": true
    },
    "requirefresh": {
      "version": "3.3.0",
      "resolved": "https://registry.npmjs.org/requirefresh/-/requirefresh-3.3.0.tgz",
      "integrity": "sha512-6IPvbg29edHMtnElBN9p6Qy8uFuOcOEisHOmS+p+EUKDiHhcLx8ehJdwHrXhY4CF/4GBiZx0hfN9mbcJ0TMgEA==",
      "dev": true
    },
    "safefs": {
      "version": "5.5.0",
      "resolved": "https://registry.npmjs.org/safefs/-/safefs-5.5.0.tgz",
      "integrity": "sha512-I8wa7h8Z9OpyULYkEiQoUEtAvPOlsvmYSmD2PD0hVUs4Hhr5BHor8NDSg3qWikIba0+yz3xww0IrLvzCstYVFQ==",
      "dev": true,
      "requires": {
        "graceful-fs": "^4.2.3"
      }
    },
    "typechecker": {
      "version": "6.3.0",
      "resolved": "https://registry.npmjs.org/typechecker/-/typechecker-6.3.0.tgz",
      "integrity": "sha512-XZmZISfAzrzGHaC2nAwXyh/O1srpTIw/sFS5K0wGRIoWgc+bpGXJLkpI5VoZg9+2SwV6tFIS3WCb3l0bNitLag==",
      "dev": true
    }
  }
}
